
Microsoft Visual Studio Solution File, Format Version 12.00
# Visual Studio Version 16
VisualStudioVersion = 16.0.32413.511
MinimumVisualStudioVersion = 10.0.40219.1
Project("{FAE04EC0-301F-11D3-BF4B-00C04F79EFBC}") = "Uri1005", "Uri1005\Uri1005.csproj", "{0C00C2A4-DD3C-4F50-85D5-F37DF708E62A}"
EndProject
Global
	GlobalSection(SolutionConfigurationPlatforms) = preSolution
		Debug|Any CPU = Debug|Any CPU
		Release|Any CPU = Release|Any CPU
	EndGlobalSection
	GlobalSection(ProjectConfigurationPlatforms) = postSolution
		{0C00C2A4-DD3C-4F50-85D5-F37DF708E62A}.Debug|Any CPU.ActiveCfg = Debug|Any CPU
		{0C00C2A4-DD3C-4F50-85D5-F37DF708E62A}.Debug|Any CPU.Build.0 = Debug|Any CPU
		{0C00C2A4-DD3C-4F50-85D5-F37DF708E62A}.Release|Any CPU.ActiveCfg = Release|Any CPU
		{0C00C2A4-DD3C-4F50-85D5-F37DF708E62A}.Release|Any CPU.Build.0 = Release|Any CPU
	EndGlobalSection
	GlobalSection(SolutionProperties) = preSolution
		HideSolutionNode = FALSE
	EndGlobalSection
	GlobalSection(ExtensibilityGlobals) = postSolution
		SolutionGuid = {A18F138B-0695-4A91-B24C-40D372140F9F}
	EndGlobalSection
EndGlobal
