
Microsoft Visual Studio Solution File, Format Version 12.00
# Visual Studio Version 16
VisualStudioVersion = 16.0.32413.511
MinimumVisualStudioVersion = 10.0.40219.1
Project("{FAE04EC0-301F-11D3-BF4B-00C04F79EFBC}") = "Uri1016", "Uri1016\Uri1016.csproj", "{48FEBAC7-6DC0-4199-8530-E1963E671AE3}"
EndProject
Global
	GlobalSection(SolutionConfigurationPlatforms) = preSolution
		Debug|Any CPU = Debug|Any CPU
		Release|Any CPU = Release|Any CPU
	EndGlobalSection
	GlobalSection(ProjectConfigurationPlatforms) = postSolution
		{48FEBAC7-6DC0-4199-8530-E1963E671AE3}.Debug|Any CPU.ActiveCfg = Debug|Any CPU
		{48FEBAC7-6DC0-4199-8530-E1963E671AE3}.Debug|Any CPU.Build.0 = Debug|Any CPU
		{48FEBAC7-6DC0-4199-8530-E1963E671AE3}.Release|Any CPU.ActiveCfg = Release|Any CPU
		{48FEBAC7-6DC0-4199-8530-E1963E671AE3}.Release|Any CPU.Build.0 = Release|Any CPU
	EndGlobalSection
	GlobalSection(SolutionProperties) = preSolution
		HideSolutionNode = FALSE
	EndGlobalSection
	GlobalSection(ExtensibilityGlobals) = postSolution
		SolutionGuid = {7D869E0E-B0D7-40DC-A9DB-927C26AB9DE9}
	EndGlobalSection
EndGlobal
