
Microsoft Visual Studio Solution File, Format Version 12.00
# Visual Studio Version 16
VisualStudioVersion = 16.0.32413.511
MinimumVisualStudioVersion = 10.0.40219.1
Project("{FAE04EC0-301F-11D3-BF4B-00C04F79EFBC}") = "Uri1001", "Uri1001\Uri1001.csproj", "{94328155-F590-4B29-BF41-C94E44D14AB7}"
EndProject
Global
	GlobalSection(SolutionConfigurationPlatforms) = preSolution
		Debug|Any CPU = Debug|Any CPU
		Release|Any CPU = Release|Any CPU
	EndGlobalSection
	GlobalSection(ProjectConfigurationPlatforms) = postSolution
		{94328155-F590-4B29-BF41-C94E44D14AB7}.Debug|Any CPU.ActiveCfg = Debug|Any CPU
		{94328155-F590-4B29-BF41-C94E44D14AB7}.Debug|Any CPU.Build.0 = Debug|Any CPU
		{94328155-F590-4B29-BF41-C94E44D14AB7}.Release|Any CPU.ActiveCfg = Release|Any CPU
		{94328155-F590-4B29-BF41-C94E44D14AB7}.Release|Any CPU.Build.0 = Release|Any CPU
	EndGlobalSection
	GlobalSection(SolutionProperties) = preSolution
		HideSolutionNode = FALSE
	EndGlobalSection
	GlobalSection(ExtensibilityGlobals) = postSolution
		SolutionGuid = {B6BA4E0F-C21B-45F9-ABF5-3E11F23633A8}
	EndGlobalSection
EndGlobal
